
Microsoft Visual Studio Solution File, Format Version 12.00
# Visual Studio Version 17
VisualStudioVersion = 17.14.37012.4
MinimumVisualStudioVersion = 10.0.40219.1
Project("{FAE04EC0-301F-11D3-BF4B-00C04F79EFBC}") = "Payroll", "Payroll\Payroll.csproj", "{5101379D-99A2-4653-97C9-024CF6D0B09E}"
EndProject
Project("{FAE04EC0-301F-11D3-BF4B-00C04F79EFBC}") = "EmployeeDataService", "EmployeeDataService\EmployeeDataService.csproj", "{A2014995-7162-41D8-B5F3-FCE22C1EBC97}"
EndProject
Project("{FAE04EC0-301F-11D3-BF4B-00C04F79EFBC}") = "EmployeeDataStorage", "EmployeeDataStorage\EmployeeDataStorage.csproj", "{ACD55489-A799-4C50-AD4A-68F54B9A107C}"
EndProject
Project("{FAE04EC0-301F-11D3-BF4B-00C04F79EFBC}") = "PayrollService", "PayrollService\PayrollService.csproj", "{23DB3465-D088-4084-A1F9-F8A05BCD8F58}"
EndProject
Global
	GlobalSection(SolutionConfigurationPlatforms) = preSolution
		Debug|Any CPU = Debug|Any CPU
		Release|Any CPU = Release|Any CPU
	EndGlobalSection
	GlobalSection(ProjectConfigurationPlatforms) = postSolution
		{5101379D-99A2-4653-97C9-024CF6D0B09E}.Debug|Any CPU.ActiveCfg = Debug|Any CPU
		{5101379D-99A2-4653-97C9-024CF6D0B09E}.Debug|Any CPU.Build.0 = Debug|Any CPU
		{5101379D-99A2-4653-97C9-024CF6D0B09E}.Release|Any CPU.ActiveCfg = Release|Any CPU
		{5101379D-99A2-4653-97C9-024CF6D0B09E}.Release|Any CPU.Build.0 = Release|Any CPU
		{A2014995-7162-41D8-B5F3-FCE22C1EBC97}.Debug|Any CPU.ActiveCfg = Debug|Any CPU
		{A2014995-7162-41D8-B5F3-FCE22C1EBC97}.Debug|Any CPU.Build.0 = Debug|Any CPU
		{A2014995-7162-41D8-B5F3-FCE22C1EBC97}.Release|Any CPU.ActiveCfg = Release|Any CPU
		{A2014995-7162-41D8-B5F3-FCE22C1EBC97}.Release|Any CPU.Build.0 = Release|Any CPU
		{ACD55489-A799-4C50-AD4A-68F54B9A107C}.Debug|Any CPU.ActiveCfg = Debug|Any CPU
		{ACD55489-A799-4C50-AD4A-68F54B9A107C}.Debug|Any CPU.Build.0 = Debug|Any CPU
		{ACD55489-A799-4C50-AD4A-68F54B9A107C}.Release|Any CPU.ActiveCfg = Release|Any CPU
		{ACD55489-A799-4C50-AD4A-68F54B9A107C}.Release|Any CPU.Build.0 = Release|Any CPU
		{23DB3465-D088-4084-A1F9-F8A05BCD8F58}.Debug|Any CPU.ActiveCfg = Debug|Any CPU
		{23DB3465-D088-4084-A1F9-F8A05BCD8F58}.Debug|Any CPU.Build.0 = Debug|Any CPU
		{23DB3465-D088-4084-A1F9-F8A05BCD8F58}.Release|Any CPU.ActiveCfg = Release|Any CPU
		{23DB3465-D088-4084-A1F9-F8A05BCD8F58}.Release|Any CPU.Build.0 = Release|Any CPU
	EndGlobalSection
	GlobalSection(SolutionProperties) = preSolution
		HideSolutionNode = FALSE
	EndGlobalSection
	GlobalSection(ExtensibilityGlobals) = postSolution
		SolutionGuid = {73930A54-AF44-4BCC-A682-03E85F60D389}
	EndGlobalSection
EndGlobal
