
Microsoft Visual Studio Solution File, Format Version 12.00
# Visual Studio Version 17
VisualStudioVersion = 17.14.37012.4 d17.14
MinimumVisualStudioVersion = 10.0.40219.1
Project("{FAE04EC0-301F-11D3-BF4B-00C04F79EFBC}") = "Payroll-Sedoro", "Payroll-Sedoro.csproj", "{26CCD796-B585-4B5B-B181-0732E70BDB6A}"
EndProject
Global
	GlobalSection(SolutionConfigurationPlatforms) = preSolution
		Debug|Any CPU = Debug|Any CPU
		Release|Any CPU = Release|Any CPU
	EndGlobalSection
	GlobalSection(ProjectConfigurationPlatforms) = postSolution
		{26CCD796-B585-4B5B-B181-0732E70BDB6A}.Debug|Any CPU.ActiveCfg = Debug|Any CPU
		{26CCD796-B585-4B5B-B181-0732E70BDB6A}.Debug|Any CPU.Build.0 = Debug|Any CPU
		{26CCD796-B585-4B5B-B181-0732E70BDB6A}.Release|Any CPU.ActiveCfg = Release|Any CPU
		{26CCD796-B585-4B5B-B181-0732E70BDB6A}.Release|Any CPU.Build.0 = Release|Any CPU
	EndGlobalSection
	GlobalSection(SolutionProperties) = preSolution
		HideSolutionNode = FALSE
	EndGlobalSection
	GlobalSection(ExtensibilityGlobals) = postSolution
		SolutionGuid = {5F1A57B6-1945-4B4D-B613-0F9E1B143EF3}
	EndGlobalSection
EndGlobal
